
Microsoft Visual Studio Solution File, Format Version 12.00
# Visual Studio Version 17
VisualStudioVersion = 17.5.002.0
MinimumVisualStudioVersion = 10.0.40219.1
Project("{9A19103F-16F7-4668-BE54-9A1E7A4F7556}") = "Tarea #1", "Tarea #1.csproj", "{3B53C4D2-8F3C-492D-8860-9960C9771432}"
EndProject
Global
	GlobalSection(SolutionConfigurationPlatforms) = preSolution
		Debug|Any CPU = Debug|Any CPU
		Release|Any CPU = Release|Any CPU
	EndGlobalSection
	GlobalSection(ProjectConfigurationPlatforms) = postSolution
		{3B53C4D2-8F3C-492D-8860-9960C9771432}.Debug|Any CPU.ActiveCfg = Debug|Any CPU
		{3B53C4D2-8F3C-492D-8860-9960C9771432}.Debug|Any CPU.Build.0 = Debug|Any CPU
		{3B53C4D2-8F3C-492D-8860-9960C9771432}.Release|Any CPU.ActiveCfg = Release|Any CPU
		{3B53C4D2-8F3C-492D-8860-9960C9771432}.Release|Any CPU.Build.0 = Release|Any CPU
	EndGlobalSection
	GlobalSection(SolutionProperties) = preSolution
		HideSolutionNode = FALSE
	EndGlobalSection
	GlobalSection(ExtensibilityGlobals) = postSolution
		SolutionGuid = {8BC55FC4-8AAD-4D23-81D0-A6692438D5BB}
	EndGlobalSection
EndGlobal
